
Microsoft Visual Studio Solution File, Format Version 12.00
Project("{FAE04EC0-301F-11D3-BF4B-00C04F79EFBC}") = "PhoneBook", "PhoneBook\PhoneBook.csproj", "{65FA0A4A-9356-43A4-A9D7-2D550D993777}"
EndProject
Project("{FAE04EC0-301F-11D3-BF4B-00C04F79EFBC}") = "Tests", "Tests\Tests.csproj", "{503CB48D-E770-4C2A-A02F-B87BB4C27103}"
EndProject
Global
	GlobalSection(SolutionConfigurationPlatforms) = preSolution
		Debug|Any CPU = Debug|Any CPU
		Release|Any CPU = Release|Any CPU
	EndGlobalSection
	GlobalSection(ProjectConfigurationPlatforms) = postSolution
		{65FA0A4A-9356-43A4-A9D7-2D550D993777}.Debug|Any CPU.ActiveCfg = Debug|Any CPU
		{65FA0A4A-9356-43A4-A9D7-2D550D993777}.Debug|Any CPU.Build.0 = Debug|Any CPU
		{65FA0A4A-9356-43A4-A9D7-2D550D993777}.Release|Any CPU.ActiveCfg = Release|Any CPU
		{65FA0A4A-9356-43A4-A9D7-2D550D993777}.Release|Any CPU.Build.0 = Release|Any CPU
		{503CB48D-E770-4C2A-A02F-B87BB4C27103}.Debug|Any CPU.ActiveCfg = Debug|Any CPU
		{503CB48D-E770-4C2A-A02F-B87BB4C27103}.Debug|Any CPU.Build.0 = Debug|Any CPU
		{503CB48D-E770-4C2A-A02F-B87BB4C27103}.Release|Any CPU.ActiveCfg = Release|Any CPU
		{503CB48D-E770-4C2A-A02F-B87BB4C27103}.Release|Any CPU.Build.0 = Release|Any CPU
	EndGlobalSection
EndGlobal
